
Microsoft Visual Studio Solution File, Format Version 12.00
# Visual Studio Version 16
VisualStudioVersion = 16.0.30413.136
MinimumVisualStudioVersion = 10.0.40219.1
Project("{FAE04EC0-301F-11D3-BF4B-00C04F79EFBC}") = "GenericBoxOfInteger", "GenericBoxOfInteger.csproj", "{15EEB864-4766-4F97-8EE8-673FE77F946A}"
EndProject
Global
	GlobalSection(SolutionConfigurationPlatforms) = preSolution
		Debug|Any CPU = Debug|Any CPU
		Release|Any CPU = Release|Any CPU
	EndGlobalSection
	GlobalSection(ProjectConfigurationPlatforms) = postSolution
		{15EEB864-4766-4F97-8EE8-673FE77F946A}.Debug|Any CPU.ActiveCfg = Debug|Any CPU
		{15EEB864-4766-4F97-8EE8-673FE77F946A}.Debug|Any CPU.Build.0 = Debug|Any CPU
		{15EEB864-4766-4F97-8EE8-673FE77F946A}.Release|Any CPU.ActiveCfg = Release|Any CPU
		{15EEB864-4766-4F97-8EE8-673FE77F946A}.Release|Any CPU.Build.0 = Release|Any CPU
	EndGlobalSection
	GlobalSection(SolutionProperties) = preSolution
		HideSolutionNode = FALSE
	EndGlobalSection
	GlobalSection(ExtensibilityGlobals) = postSolution
		SolutionGuid = {2EA6F029-05B2-4810-A78D-8D0B350A6CE1}
	EndGlobalSection
EndGlobal
