
Microsoft Visual Studio Solution File, Format Version 12.00
# Visual Studio Version 16
VisualStudioVersion = 16.0.30413.136
MinimumVisualStudioVersion = 10.0.40219.1
Project("{FAE04EC0-301F-11D3-BF4B-00C04F79EFBC}") = "Wardrobe", "Wardrobe.csproj", "{92832ADD-3042-4E21-AE65-927F38A8BBBA}"
EndProject
Global
	GlobalSection(SolutionConfigurationPlatforms) = preSolution
		Debug|Any CPU = Debug|Any CPU
		Release|Any CPU = Release|Any CPU
	EndGlobalSection
	GlobalSection(ProjectConfigurationPlatforms) = postSolution
		{92832ADD-3042-4E21-AE65-927F38A8BBBA}.Debug|Any CPU.ActiveCfg = Debug|Any CPU
		{92832ADD-3042-4E21-AE65-927F38A8BBBA}.Debug|Any CPU.Build.0 = Debug|Any CPU
		{92832ADD-3042-4E21-AE65-927F38A8BBBA}.Release|Any CPU.ActiveCfg = Release|Any CPU
		{92832ADD-3042-4E21-AE65-927F38A8BBBA}.Release|Any CPU.Build.0 = Release|Any CPU
	EndGlobalSection
	GlobalSection(SolutionProperties) = preSolution
		HideSolutionNode = FALSE
	EndGlobalSection
	GlobalSection(ExtensibilityGlobals) = postSolution
		SolutionGuid = {929CD830-F816-4C96-93AC-3E665E6553FB}
	EndGlobalSection
EndGlobal
