
Microsoft Visual Studio Solution File, Format Version 12.00
# Visual Studio Version 16
VisualStudioVersion = 16.0.30413.136
MinimumVisualStudioVersion = 10.0.40219.1
Project("{FAE04EC0-301F-11D3-BF4B-00C04F79EFBC}") = "ActionPoint", "ActionPoint.csproj", "{A9F22D46-58D4-4253-AEBF-E92D0659AF0D}"
EndProject
Global
	GlobalSection(SolutionConfigurationPlatforms) = preSolution
		Debug|Any CPU = Debug|Any CPU
		Release|Any CPU = Release|Any CPU
	EndGlobalSection
	GlobalSection(ProjectConfigurationPlatforms) = postSolution
		{A9F22D46-58D4-4253-AEBF-E92D0659AF0D}.Debug|Any CPU.ActiveCfg = Debug|Any CPU
		{A9F22D46-58D4-4253-AEBF-E92D0659AF0D}.Debug|Any CPU.Build.0 = Debug|Any CPU
		{A9F22D46-58D4-4253-AEBF-E92D0659AF0D}.Release|Any CPU.ActiveCfg = Release|Any CPU
		{A9F22D46-58D4-4253-AEBF-E92D0659AF0D}.Release|Any CPU.Build.0 = Release|Any CPU
	EndGlobalSection
	GlobalSection(SolutionProperties) = preSolution
		HideSolutionNode = FALSE
	EndGlobalSection
	GlobalSection(ExtensibilityGlobals) = postSolution
		SolutionGuid = {0B98A702-CA19-4ADA-B17F-87F43543BE58}
	EndGlobalSection
EndGlobal
