
Microsoft Visual Studio Solution File, Format Version 12.00
# Visual Studio Version 16
VisualStudioVersion = 16.0.30413.136
MinimumVisualStudioVersion = 10.0.40219.1
Project("{FAE04EC0-301F-11D3-BF4B-00C04F79EFBC}") = "TruckTour", "TruckTour.csproj", "{0E6E3989-6FA1-4B54-9DEB-A257A63BB9D7}"
EndProject
Global
	GlobalSection(SolutionConfigurationPlatforms) = preSolution
		Debug|Any CPU = Debug|Any CPU
		Release|Any CPU = Release|Any CPU
	EndGlobalSection
	GlobalSection(ProjectConfigurationPlatforms) = postSolution
		{0E6E3989-6FA1-4B54-9DEB-A257A63BB9D7}.Debug|Any CPU.ActiveCfg = Debug|Any CPU
		{0E6E3989-6FA1-4B54-9DEB-A257A63BB9D7}.Debug|Any CPU.Build.0 = Debug|Any CPU
		{0E6E3989-6FA1-4B54-9DEB-A257A63BB9D7}.Release|Any CPU.ActiveCfg = Release|Any CPU
		{0E6E3989-6FA1-4B54-9DEB-A257A63BB9D7}.Release|Any CPU.Build.0 = Release|Any CPU
	EndGlobalSection
	GlobalSection(SolutionProperties) = preSolution
		HideSolutionNode = FALSE
	EndGlobalSection
	GlobalSection(ExtensibilityGlobals) = postSolution
		SolutionGuid = {E6DA1E67-23F7-47B9-8F6B-52D792856A0A}
	EndGlobalSection
EndGlobal
