
Microsoft Visual Studio Solution File, Format Version 12.00
# Visual Studio Version 16
VisualStudioVersion = 16.0.30413.136
MinimumVisualStudioVersion = 10.0.40219.1
Project("{FAE04EC0-301F-11D3-BF4B-00C04F79EFBC}") = "GenericSwapMethodInteger", "GenericSwapMethodInteger.csproj", "{25F4D010-2860-43FB-B488-5AD4D6D2F6BC}"
EndProject
Global
	GlobalSection(SolutionConfigurationPlatforms) = preSolution
		Debug|Any CPU = Debug|Any CPU
		Release|Any CPU = Release|Any CPU
	EndGlobalSection
	GlobalSection(ProjectConfigurationPlatforms) = postSolution
		{25F4D010-2860-43FB-B488-5AD4D6D2F6BC}.Debug|Any CPU.ActiveCfg = Debug|Any CPU
		{25F4D010-2860-43FB-B488-5AD4D6D2F6BC}.Debug|Any CPU.Build.0 = Debug|Any CPU
		{25F4D010-2860-43FB-B488-5AD4D6D2F6BC}.Release|Any CPU.ActiveCfg = Release|Any CPU
		{25F4D010-2860-43FB-B488-5AD4D6D2F6BC}.Release|Any CPU.Build.0 = Release|Any CPU
	EndGlobalSection
	GlobalSection(SolutionProperties) = preSolution
		HideSolutionNode = FALSE
	EndGlobalSection
	GlobalSection(ExtensibilityGlobals) = postSolution
		SolutionGuid = {72136D76-646F-46FD-850E-FA5B00549A37}
	EndGlobalSection
EndGlobal
