
Microsoft Visual Studio Solution File, Format Version 12.00
# Visual Studio Version 16
VisualStudioVersion = 16.0.31702.278
MinimumVisualStudioVersion = 10.0.40219.1
Project("{FAE04EC0-301F-11D3-BF4B-00C04F79EFBC}") = "TruckTour", "TruckTour\TruckTour.csproj", "{88DBA87F-569C-4012-95FD-6630B09E5CF5}"
EndProject
Global
	GlobalSection(SolutionConfigurationPlatforms) = preSolution
		Debug|Any CPU = Debug|Any CPU
		Release|Any CPU = Release|Any CPU
	EndGlobalSection
	GlobalSection(ProjectConfigurationPlatforms) = postSolution
		{88DBA87F-569C-4012-95FD-6630B09E5CF5}.Debug|Any CPU.ActiveCfg = Debug|Any CPU
		{88DBA87F-569C-4012-95FD-6630B09E5CF5}.Debug|Any CPU.Build.0 = Debug|Any CPU
		{88DBA87F-569C-4012-95FD-6630B09E5CF5}.Release|Any CPU.ActiveCfg = Release|Any CPU
		{88DBA87F-569C-4012-95FD-6630B09E5CF5}.Release|Any CPU.Build.0 = Release|Any CPU
	EndGlobalSection
	GlobalSection(SolutionProperties) = preSolution
		HideSolutionNode = FALSE
	EndGlobalSection
	GlobalSection(ExtensibilityGlobals) = postSolution
		SolutionGuid = {81A3D098-D65C-49DB-B076-2717B7BE5CEB}
	EndGlobalSection
EndGlobal
