
Microsoft Visual Studio Solution File, Format Version 12.00
# Visual Studio Version 17
VisualStudioVersion = 17.0.32126.317
MinimumVisualStudioVersion = 10.0.40219.1
Project("{FAE04EC0-301F-11D3-BF4B-00C04F79EFBC}") = "Masterchef", "Masterchef.csproj", "{EE1C9EBF-903D-4D19-AAC3-93F897D36C6C}"
EndProject
Global
	GlobalSection(SolutionConfigurationPlatforms) = preSolution
		Debug|Any CPU = Debug|Any CPU
		Release|Any CPU = Release|Any CPU
	EndGlobalSection
	GlobalSection(ProjectConfigurationPlatforms) = postSolution
		{EE1C9EBF-903D-4D19-AAC3-93F897D36C6C}.Debug|Any CPU.ActiveCfg = Debug|Any CPU
		{EE1C9EBF-903D-4D19-AAC3-93F897D36C6C}.Debug|Any CPU.Build.0 = Debug|Any CPU
		{EE1C9EBF-903D-4D19-AAC3-93F897D36C6C}.Release|Any CPU.ActiveCfg = Release|Any CPU
		{EE1C9EBF-903D-4D19-AAC3-93F897D36C6C}.Release|Any CPU.Build.0 = Release|Any CPU
	EndGlobalSection
	GlobalSection(SolutionProperties) = preSolution
		HideSolutionNode = FALSE
	EndGlobalSection
	GlobalSection(ExtensibilityGlobals) = postSolution
		SolutionGuid = {0DA3BD26-8C6D-410C-A79B-55F053EAD54E}
	EndGlobalSection
EndGlobal
