
Microsoft Visual Studio Solution File, Format Version 12.00
# Visual Studio Version 17
VisualStudioVersion = 17.0.32126.317
MinimumVisualStudioVersion = 10.0.40219.1
Project("{FAE04EC0-301F-11D3-BF4B-00C04F79EFBC}") = "ConsoleSnake", "ConsoleSnake.csproj", "{905C4456-439C-4F5E-8558-8B2DC1333B6E}"
EndProject
Global
	GlobalSection(SolutionConfigurationPlatforms) = preSolution
		Debug|Any CPU = Debug|Any CPU
		Release|Any CPU = Release|Any CPU
	EndGlobalSection
	GlobalSection(ProjectConfigurationPlatforms) = postSolution
		{905C4456-439C-4F5E-8558-8B2DC1333B6E}.Debug|Any CPU.ActiveCfg = Debug|Any CPU
		{905C4456-439C-4F5E-8558-8B2DC1333B6E}.Debug|Any CPU.Build.0 = Debug|Any CPU
		{905C4456-439C-4F5E-8558-8B2DC1333B6E}.Release|Any CPU.ActiveCfg = Release|Any CPU
		{905C4456-439C-4F5E-8558-8B2DC1333B6E}.Release|Any CPU.Build.0 = Release|Any CPU
	EndGlobalSection
	GlobalSection(SolutionProperties) = preSolution
		HideSolutionNode = FALSE
	EndGlobalSection
	GlobalSection(ExtensibilityGlobals) = postSolution
		SolutionGuid = {2FCABF04-5190-4E9E-B4D2-3A82F8DD3BCE}
	EndGlobalSection
EndGlobal
