
Microsoft Visual Studio Solution File, Format Version 12.00
# Visual Studio Version 16
VisualStudioVersion = 16.0.30413.136
MinimumVisualStudioVersion = 10.0.40219.1
Project("{FAE04EC0-301F-11D3-BF4B-00C04F79EFBC}") = "FilterByAge", "FilterByAge.csproj", "{2F44AF18-072E-47B2-AA5A-C6CE3A7BA823}"
EndProject
Global
	GlobalSection(SolutionConfigurationPlatforms) = preSolution
		Debug|Any CPU = Debug|Any CPU
		Release|Any CPU = Release|Any CPU
	EndGlobalSection
	GlobalSection(ProjectConfigurationPlatforms) = postSolution
		{2F44AF18-072E-47B2-AA5A-C6CE3A7BA823}.Debug|Any CPU.ActiveCfg = Debug|Any CPU
		{2F44AF18-072E-47B2-AA5A-C6CE3A7BA823}.Debug|Any CPU.Build.0 = Debug|Any CPU
		{2F44AF18-072E-47B2-AA5A-C6CE3A7BA823}.Release|Any CPU.ActiveCfg = Release|Any CPU
		{2F44AF18-072E-47B2-AA5A-C6CE3A7BA823}.Release|Any CPU.Build.0 = Release|Any CPU
	EndGlobalSection
	GlobalSection(SolutionProperties) = preSolution
		HideSolutionNode = FALSE
	EndGlobalSection
	GlobalSection(ExtensibilityGlobals) = postSolution
		SolutionGuid = {E5E33E4E-E29F-4D4E-B950-38A61249BF2B}
	EndGlobalSection
EndGlobal
