
Microsoft Visual Studio Solution File, Format Version 12.00
# Visual Studio Version 16
VisualStudioVersion = 16.0.30413.136
MinimumVisualStudioVersion = 10.0.40219.1
Project("{FAE04EC0-301F-11D3-BF4B-00C04F79EFBC}") = "KnightGame", "KnightGame.csproj", "{798FAD5F-4858-472C-AB0A-70E21DD1EB94}"
EndProject
Global
	GlobalSection(SolutionConfigurationPlatforms) = preSolution
		Debug|Any CPU = Debug|Any CPU
		Release|Any CPU = Release|Any CPU
	EndGlobalSection
	GlobalSection(ProjectConfigurationPlatforms) = postSolution
		{798FAD5F-4858-472C-AB0A-70E21DD1EB94}.Debug|Any CPU.ActiveCfg = Debug|Any CPU
		{798FAD5F-4858-472C-AB0A-70E21DD1EB94}.Debug|Any CPU.Build.0 = Debug|Any CPU
		{798FAD5F-4858-472C-AB0A-70E21DD1EB94}.Release|Any CPU.ActiveCfg = Release|Any CPU
		{798FAD5F-4858-472C-AB0A-70E21DD1EB94}.Release|Any CPU.Build.0 = Release|Any CPU
	EndGlobalSection
	GlobalSection(SolutionProperties) = preSolution
		HideSolutionNode = FALSE
	EndGlobalSection
	GlobalSection(ExtensibilityGlobals) = postSolution
		SolutionGuid = {4C296280-832B-4631-BEA4-BF6FEF36A37C}
	EndGlobalSection
EndGlobal
