
Microsoft Visual Studio Solution File, Format Version 12.00
# Visual Studio Version 16
VisualStudioVersion = 16.0.30413.136
MinimumVisualStudioVersion = 10.0.40219.1
Project("{FAE04EC0-301F-11D3-BF4B-00C04F79EFBC}") = "BasicQueueOperations", "BasicQueueOperations.csproj", "{D7719B4B-AE37-4D7E-93BD-55B150627FBA}"
EndProject
Global
	GlobalSection(SolutionConfigurationPlatforms) = preSolution
		Debug|Any CPU = Debug|Any CPU
		Release|Any CPU = Release|Any CPU
	EndGlobalSection
	GlobalSection(ProjectConfigurationPlatforms) = postSolution
		{D7719B4B-AE37-4D7E-93BD-55B150627FBA}.Debug|Any CPU.ActiveCfg = Debug|Any CPU
		{D7719B4B-AE37-4D7E-93BD-55B150627FBA}.Debug|Any CPU.Build.0 = Debug|Any CPU
		{D7719B4B-AE37-4D7E-93BD-55B150627FBA}.Release|Any CPU.ActiveCfg = Release|Any CPU
		{D7719B4B-AE37-4D7E-93BD-55B150627FBA}.Release|Any CPU.Build.0 = Release|Any CPU
	EndGlobalSection
	GlobalSection(SolutionProperties) = preSolution
		HideSolutionNode = FALSE
	EndGlobalSection
	GlobalSection(ExtensibilityGlobals) = postSolution
		SolutionGuid = {2275D845-B920-4FBB-B45F-0833848769FB}
	EndGlobalSection
EndGlobal
