
Microsoft Visual Studio Solution File, Format Version 12.00
# Visual Studio Version 17
VisualStudioVersion = 17.0.32126.317
MinimumVisualStudioVersion = 10.0.40219.1
Project("{FAE04EC0-301F-11D3-BF4B-00C04F79EFBC}") = "Blacksmith", "Blacksmith.csproj", "{A5258DDD-CE9B-4719-91F8-AA7AC3EC1477}"
EndProject
Global
	GlobalSection(SolutionConfigurationPlatforms) = preSolution
		Debug|Any CPU = Debug|Any CPU
		Release|Any CPU = Release|Any CPU
	EndGlobalSection
	GlobalSection(ProjectConfigurationPlatforms) = postSolution
		{A5258DDD-CE9B-4719-91F8-AA7AC3EC1477}.Debug|Any CPU.ActiveCfg = Debug|Any CPU
		{A5258DDD-CE9B-4719-91F8-AA7AC3EC1477}.Debug|Any CPU.Build.0 = Debug|Any CPU
		{A5258DDD-CE9B-4719-91F8-AA7AC3EC1477}.Release|Any CPU.ActiveCfg = Release|Any CPU
		{A5258DDD-CE9B-4719-91F8-AA7AC3EC1477}.Release|Any CPU.Build.0 = Release|Any CPU
	EndGlobalSection
	GlobalSection(SolutionProperties) = preSolution
		HideSolutionNode = FALSE
	EndGlobalSection
	GlobalSection(ExtensibilityGlobals) = postSolution
		SolutionGuid = {5ED3733A-3CEB-44A5-AE04-532619D9BB93}
	EndGlobalSection
EndGlobal
