
Microsoft Visual Studio Solution File, Format Version 12.00
# Visual Studio Version 16
VisualStudioVersion = 16.0.30413.136
MinimumVisualStudioVersion = 10.0.40219.1
Project("{FAE04EC0-301F-11D3-BF4B-00C04F79EFBC}") = "Blacksmith", "Blacksmith.csproj", "{1CFFB494-0AB4-40E7-9443-8215BEB816CB}"
EndProject
Global
	GlobalSection(SolutionConfigurationPlatforms) = preSolution
		Debug|Any CPU = Debug|Any CPU
		Release|Any CPU = Release|Any CPU
	EndGlobalSection
	GlobalSection(ProjectConfigurationPlatforms) = postSolution
		{1CFFB494-0AB4-40E7-9443-8215BEB816CB}.Debug|Any CPU.ActiveCfg = Debug|Any CPU
		{1CFFB494-0AB4-40E7-9443-8215BEB816CB}.Debug|Any CPU.Build.0 = Debug|Any CPU
		{1CFFB494-0AB4-40E7-9443-8215BEB816CB}.Release|Any CPU.ActiveCfg = Release|Any CPU
		{1CFFB494-0AB4-40E7-9443-8215BEB816CB}.Release|Any CPU.Build.0 = Release|Any CPU
	EndGlobalSection
	GlobalSection(SolutionProperties) = preSolution
		HideSolutionNode = FALSE
	EndGlobalSection
	GlobalSection(ExtensibilityGlobals) = postSolution
		SolutionGuid = {D855030F-0235-48F8-9CE5-58E125E729F2}
	EndGlobalSection
EndGlobal
