
Microsoft Visual Studio Solution File, Format Version 12.00
# Visual Studio Version 17
VisualStudioVersion = 17.0.32126.317
MinimumVisualStudioVersion = 10.0.40219.1
Project("{FAE04EC0-301F-11D3-BF4B-00C04F79EFBC}") = "CustomRandomList", "CustomRandomList.csproj", "{16190D91-84DE-4D1D-806D-195432C15D95}"
EndProject
Global
	GlobalSection(SolutionConfigurationPlatforms) = preSolution
		Debug|Any CPU = Debug|Any CPU
		Release|Any CPU = Release|Any CPU
	EndGlobalSection
	GlobalSection(ProjectConfigurationPlatforms) = postSolution
		{16190D91-84DE-4D1D-806D-195432C15D95}.Debug|Any CPU.ActiveCfg = Debug|Any CPU
		{16190D91-84DE-4D1D-806D-195432C15D95}.Debug|Any CPU.Build.0 = Debug|Any CPU
		{16190D91-84DE-4D1D-806D-195432C15D95}.Release|Any CPU.ActiveCfg = Release|Any CPU
		{16190D91-84DE-4D1D-806D-195432C15D95}.Release|Any CPU.Build.0 = Release|Any CPU
	EndGlobalSection
	GlobalSection(SolutionProperties) = preSolution
		HideSolutionNode = FALSE
	EndGlobalSection
	GlobalSection(ExtensibilityGlobals) = postSolution
		SolutionGuid = {C75B73A9-2DE5-43DA-B768-0C957C90A816}
	EndGlobalSection
EndGlobal
