
Microsoft Visual Studio Solution File, Format Version 12.00
# Visual Studio Version 17
VisualStudioVersion = 17.0.32126.317
MinimumVisualStudioVersion = 10.0.40219.1
Project("{FAE04EC0-301F-11D3-BF4B-00C04F79EFBC}") = "FoodFinder", "FoodFinder.csproj", "{5E403A88-6BC4-4F73-9DFE-58EBC004FE39}"
EndProject
Global
	GlobalSection(SolutionConfigurationPlatforms) = preSolution
		Debug|Any CPU = Debug|Any CPU
		Release|Any CPU = Release|Any CPU
	EndGlobalSection
	GlobalSection(ProjectConfigurationPlatforms) = postSolution
		{5E403A88-6BC4-4F73-9DFE-58EBC004FE39}.Debug|Any CPU.ActiveCfg = Debug|Any CPU
		{5E403A88-6BC4-4F73-9DFE-58EBC004FE39}.Debug|Any CPU.Build.0 = Debug|Any CPU
		{5E403A88-6BC4-4F73-9DFE-58EBC004FE39}.Release|Any CPU.ActiveCfg = Release|Any CPU
		{5E403A88-6BC4-4F73-9DFE-58EBC004FE39}.Release|Any CPU.Build.0 = Release|Any CPU
	EndGlobalSection
	GlobalSection(SolutionProperties) = preSolution
		HideSolutionNode = FALSE
	EndGlobalSection
	GlobalSection(ExtensibilityGlobals) = postSolution
		SolutionGuid = {30D48A73-8A23-401C-AE68-229491C30DFC}
	EndGlobalSection
EndGlobal
