
Microsoft Visual Studio Solution File, Format Version 12.00
# Visual Studio Version 16
VisualStudioVersion = 16.0.30413.136
MinimumVisualStudioVersion = 10.0.40219.1
Project("{FAE04EC0-301F-11D3-BF4B-00C04F79EFBC}") = "SumMatrixColumns", "SumMatrixColumns.csproj", "{84D45714-07DE-4E19-8C91-15CA8289E6EA}"
EndProject
Global
	GlobalSection(SolutionConfigurationPlatforms) = preSolution
		Debug|Any CPU = Debug|Any CPU
		Release|Any CPU = Release|Any CPU
	EndGlobalSection
	GlobalSection(ProjectConfigurationPlatforms) = postSolution
		{84D45714-07DE-4E19-8C91-15CA8289E6EA}.Debug|Any CPU.ActiveCfg = Debug|Any CPU
		{84D45714-07DE-4E19-8C91-15CA8289E6EA}.Debug|Any CPU.Build.0 = Debug|Any CPU
		{84D45714-07DE-4E19-8C91-15CA8289E6EA}.Release|Any CPU.ActiveCfg = Release|Any CPU
		{84D45714-07DE-4E19-8C91-15CA8289E6EA}.Release|Any CPU.Build.0 = Release|Any CPU
	EndGlobalSection
	GlobalSection(SolutionProperties) = preSolution
		HideSolutionNode = FALSE
	EndGlobalSection
	GlobalSection(ExtensibilityGlobals) = postSolution
		SolutionGuid = {096E2A69-0736-4FB4-9C96-B92DB12795A7}
	EndGlobalSection
EndGlobal
