
Microsoft Visual Studio Solution File, Format Version 12.00
# Visual Studio Version 16
VisualStudioVersion = 16.0.30413.136
MinimumVisualStudioVersion = 10.0.40219.1
Project("{FAE04EC0-301F-11D3-BF4B-00C04F79EFBC}") = "CarSalesman", "CarSalesman.csproj", "{4EA0E9D0-1503-49BD-91CC-11FEE3CD4502}"
EndProject
Global
	GlobalSection(SolutionConfigurationPlatforms) = preSolution
		Debug|Any CPU = Debug|Any CPU
		Release|Any CPU = Release|Any CPU
	EndGlobalSection
	GlobalSection(ProjectConfigurationPlatforms) = postSolution
		{4EA0E9D0-1503-49BD-91CC-11FEE3CD4502}.Debug|Any CPU.ActiveCfg = Debug|Any CPU
		{4EA0E9D0-1503-49BD-91CC-11FEE3CD4502}.Debug|Any CPU.Build.0 = Debug|Any CPU
		{4EA0E9D0-1503-49BD-91CC-11FEE3CD4502}.Release|Any CPU.ActiveCfg = Release|Any CPU
		{4EA0E9D0-1503-49BD-91CC-11FEE3CD4502}.Release|Any CPU.Build.0 = Release|Any CPU
	EndGlobalSection
	GlobalSection(SolutionProperties) = preSolution
		HideSolutionNode = FALSE
	EndGlobalSection
	GlobalSection(ExtensibilityGlobals) = postSolution
		SolutionGuid = {A10DA7C1-BACB-4F24-9F9F-CAF93459E528}
	EndGlobalSection
EndGlobal
