
Microsoft Visual Studio Solution File, Format Version 12.00
# Visual Studio Version 16
VisualStudioVersion = 16.0.30413.136
MinimumVisualStudioVersion = 10.0.40219.1
Project("{FAE04EC0-301F-11D3-BF4B-00C04F79EFBC}") = "HotPotato", "HotPotato.csproj", "{E8C5FA9D-C0A2-4421-B0D5-41844E4DFB3E}"
EndProject
Global
	GlobalSection(SolutionConfigurationPlatforms) = preSolution
		Debug|Any CPU = Debug|Any CPU
		Release|Any CPU = Release|Any CPU
	EndGlobalSection
	GlobalSection(ProjectConfigurationPlatforms) = postSolution
		{E8C5FA9D-C0A2-4421-B0D5-41844E4DFB3E}.Debug|Any CPU.ActiveCfg = Debug|Any CPU
		{E8C5FA9D-C0A2-4421-B0D5-41844E4DFB3E}.Debug|Any CPU.Build.0 = Debug|Any CPU
		{E8C5FA9D-C0A2-4421-B0D5-41844E4DFB3E}.Release|Any CPU.ActiveCfg = Release|Any CPU
		{E8C5FA9D-C0A2-4421-B0D5-41844E4DFB3E}.Release|Any CPU.Build.0 = Release|Any CPU
	EndGlobalSection
	GlobalSection(SolutionProperties) = preSolution
		HideSolutionNode = FALSE
	EndGlobalSection
	GlobalSection(ExtensibilityGlobals) = postSolution
		SolutionGuid = {D3B50324-F395-411E-BF27-5BAFEF4F7546}
	EndGlobalSection
EndGlobal
