
Microsoft Visual Studio Solution File, Format Version 12.00
# Visual Studio Version 16
VisualStudioVersion = 16.0.30413.136
MinimumVisualStudioVersion = 10.0.40219.1
Project("{FAE04EC0-301F-11D3-BF4B-00C04F79EFBC}") = "SumMatrixElements", "SumMatrixElements.csproj", "{370B82FF-C33B-4504-9492-B9E56E6DC2AF}"
EndProject
Global
	GlobalSection(SolutionConfigurationPlatforms) = preSolution
		Debug|Any CPU = Debug|Any CPU
		Release|Any CPU = Release|Any CPU
	EndGlobalSection
	GlobalSection(ProjectConfigurationPlatforms) = postSolution
		{370B82FF-C33B-4504-9492-B9E56E6DC2AF}.Debug|Any CPU.ActiveCfg = Debug|Any CPU
		{370B82FF-C33B-4504-9492-B9E56E6DC2AF}.Debug|Any CPU.Build.0 = Debug|Any CPU
		{370B82FF-C33B-4504-9492-B9E56E6DC2AF}.Release|Any CPU.ActiveCfg = Release|Any CPU
		{370B82FF-C33B-4504-9492-B9E56E6DC2AF}.Release|Any CPU.Build.0 = Release|Any CPU
	EndGlobalSection
	GlobalSection(SolutionProperties) = preSolution
		HideSolutionNode = FALSE
	EndGlobalSection
	GlobalSection(ExtensibilityGlobals) = postSolution
		SolutionGuid = {A474922A-F6B2-4453-B649-A66AEBAA0D0E}
	EndGlobalSection
EndGlobal
