
Microsoft Visual Studio Solution File, Format Version 12.00
# Visual Studio Version 17
VisualStudioVersion = 17.0.32126.317
MinimumVisualStudioVersion = 10.0.40219.1
Project("{FAE04EC0-301F-11D3-BF4B-00C04F79EFBC}") = "Raiding", "Raiding.csproj", "{55E0BE01-32EE-4720-A02E-0A20BC5E67FD}"
EndProject
Global
	GlobalSection(SolutionConfigurationPlatforms) = preSolution
		Debug|Any CPU = Debug|Any CPU
		Release|Any CPU = Release|Any CPU
	EndGlobalSection
	GlobalSection(ProjectConfigurationPlatforms) = postSolution
		{55E0BE01-32EE-4720-A02E-0A20BC5E67FD}.Debug|Any CPU.ActiveCfg = Debug|Any CPU
		{55E0BE01-32EE-4720-A02E-0A20BC5E67FD}.Debug|Any CPU.Build.0 = Debug|Any CPU
		{55E0BE01-32EE-4720-A02E-0A20BC5E67FD}.Release|Any CPU.ActiveCfg = Release|Any CPU
		{55E0BE01-32EE-4720-A02E-0A20BC5E67FD}.Release|Any CPU.Build.0 = Release|Any CPU
	EndGlobalSection
	GlobalSection(SolutionProperties) = preSolution
		HideSolutionNode = FALSE
	EndGlobalSection
	GlobalSection(ExtensibilityGlobals) = postSolution
		SolutionGuid = {2D3A81D4-BA00-4465-9528-30A240AC2A2B}
	EndGlobalSection
EndGlobal
