
Microsoft Visual Studio Solution File, Format Version 12.00
# Visual Studio Version 17
VisualStudioVersion = 17.0.32126.317
MinimumVisualStudioVersion = 10.0.40219.1
Project("{FAE04EC0-301F-11D3-BF4B-00C04F79EFBC}") = "WarmWinter", "WarmWinter.csproj", "{9A3A066C-A50F-44F2-92F5-7D802985F908}"
EndProject
Global
	GlobalSection(SolutionConfigurationPlatforms) = preSolution
		Debug|Any CPU = Debug|Any CPU
		Release|Any CPU = Release|Any CPU
	EndGlobalSection
	GlobalSection(ProjectConfigurationPlatforms) = postSolution
		{9A3A066C-A50F-44F2-92F5-7D802985F908}.Debug|Any CPU.ActiveCfg = Debug|Any CPU
		{9A3A066C-A50F-44F2-92F5-7D802985F908}.Debug|Any CPU.Build.0 = Debug|Any CPU
		{9A3A066C-A50F-44F2-92F5-7D802985F908}.Release|Any CPU.ActiveCfg = Release|Any CPU
		{9A3A066C-A50F-44F2-92F5-7D802985F908}.Release|Any CPU.Build.0 = Release|Any CPU
	EndGlobalSection
	GlobalSection(SolutionProperties) = preSolution
		HideSolutionNode = FALSE
	EndGlobalSection
	GlobalSection(ExtensibilityGlobals) = postSolution
		SolutionGuid = {EED9DEBC-96E8-4BC1-8703-A9E67EF75AA2}
	EndGlobalSection
EndGlobal
