
Microsoft Visual Studio Solution File, Format Version 12.00
# Visual Studio Version 16
VisualStudioVersion = 16.0.30413.136
MinimumVisualStudioVersion = 10.0.40219.1
Project("{FAE04EC0-301F-11D3-BF4B-00C04F79EFBC}") = "CustomMinFunction", "CustomMinFunction.csproj", "{B4B91328-EDA3-4426-AB73-88E0F02AB03A}"
EndProject
Global
	GlobalSection(SolutionConfigurationPlatforms) = preSolution
		Debug|Any CPU = Debug|Any CPU
		Release|Any CPU = Release|Any CPU
	EndGlobalSection
	GlobalSection(ProjectConfigurationPlatforms) = postSolution
		{B4B91328-EDA3-4426-AB73-88E0F02AB03A}.Debug|Any CPU.ActiveCfg = Debug|Any CPU
		{B4B91328-EDA3-4426-AB73-88E0F02AB03A}.Debug|Any CPU.Build.0 = Debug|Any CPU
		{B4B91328-EDA3-4426-AB73-88E0F02AB03A}.Release|Any CPU.ActiveCfg = Release|Any CPU
		{B4B91328-EDA3-4426-AB73-88E0F02AB03A}.Release|Any CPU.Build.0 = Release|Any CPU
	EndGlobalSection
	GlobalSection(SolutionProperties) = preSolution
		HideSolutionNode = FALSE
	EndGlobalSection
	GlobalSection(ExtensibilityGlobals) = postSolution
		SolutionGuid = {62C76575-305D-4D15-A9D5-943FBB6A43C8}
	EndGlobalSection
EndGlobal
