
Microsoft Visual Studio Solution File, Format Version 12.00
# Visual Studio Version 17
VisualStudioVersion = 17.0.32126.317
MinimumVisualStudioVersion = 10.0.40219.1
Project("{FAE04EC0-301F-11D3-BF4B-00C04F79EFBC}") = "Lootbox", "Lootbox.csproj", "{518FB368-F7B5-4233-8149-7071E9A3A255}"
EndProject
Global
	GlobalSection(SolutionConfigurationPlatforms) = preSolution
		Debug|Any CPU = Debug|Any CPU
		Release|Any CPU = Release|Any CPU
	EndGlobalSection
	GlobalSection(ProjectConfigurationPlatforms) = postSolution
		{518FB368-F7B5-4233-8149-7071E9A3A255}.Debug|Any CPU.ActiveCfg = Debug|Any CPU
		{518FB368-F7B5-4233-8149-7071E9A3A255}.Debug|Any CPU.Build.0 = Debug|Any CPU
		{518FB368-F7B5-4233-8149-7071E9A3A255}.Release|Any CPU.ActiveCfg = Release|Any CPU
		{518FB368-F7B5-4233-8149-7071E9A3A255}.Release|Any CPU.Build.0 = Release|Any CPU
	EndGlobalSection
	GlobalSection(SolutionProperties) = preSolution
		HideSolutionNode = FALSE
	EndGlobalSection
	GlobalSection(ExtensibilityGlobals) = postSolution
		SolutionGuid = {752F845F-988F-44E0-B9CD-7CB9E41A6D63}
	EndGlobalSection
EndGlobal
