
Microsoft Visual Studio Solution File, Format Version 12.00
# Visual Studio Version 16
VisualStudioVersion = 16.0.30413.136
MinimumVisualStudioVersion = 10.0.40219.1
Project("{FAE04EC0-301F-11D3-BF4B-00C04F79EFBC}") = "CountUppercaseWords", "CountUppercaseWords.csproj", "{7EF3965F-D71C-4E61-9F3C-A01FB2B11C7B}"
EndProject
Global
	GlobalSection(SolutionConfigurationPlatforms) = preSolution
		Debug|Any CPU = Debug|Any CPU
		Release|Any CPU = Release|Any CPU
	EndGlobalSection
	GlobalSection(ProjectConfigurationPlatforms) = postSolution
		{7EF3965F-D71C-4E61-9F3C-A01FB2B11C7B}.Debug|Any CPU.ActiveCfg = Debug|Any CPU
		{7EF3965F-D71C-4E61-9F3C-A01FB2B11C7B}.Debug|Any CPU.Build.0 = Debug|Any CPU
		{7EF3965F-D71C-4E61-9F3C-A01FB2B11C7B}.Release|Any CPU.ActiveCfg = Release|Any CPU
		{7EF3965F-D71C-4E61-9F3C-A01FB2B11C7B}.Release|Any CPU.Build.0 = Release|Any CPU
	EndGlobalSection
	GlobalSection(SolutionProperties) = preSolution
		HideSolutionNode = FALSE
	EndGlobalSection
	GlobalSection(ExtensibilityGlobals) = postSolution
		SolutionGuid = {7AF5F117-369D-4982-9683-7E6D4E2E8590}
	EndGlobalSection
EndGlobal
